version = 1
revision = 2
requires-python = ">=3.12"

[[package]]
name = "pymupdf"
version = "1.26.0"
source = { registry = "https://pypi.org/simple" }
sdist = { url = "https://files.pythonhosted.org/packages/99/13/d9f3b67b98111e79307e2a3cf6d5f73daaca002144cc6d236c4a0adbc386/pymupdf-1.26.0.tar.gz", hash = "sha256:ffe023f820379c84a0ddae38b0d07ea4016e1de84929491c34415520c629bcce", size = 74590906, upload_time = "2025-05-22T16:11:17.305Z" }
wheels = [
    { url = "https://files.pythonhosted.org/packages/b0/c8/e43b872d807ade267699b383d04927e4a1cca05268a43aa9ae0382b6f66a/pymupdf-1.26.0-cp39-abi3-macosx_10_9_x86_64.whl", hash = "sha256:86195673a5f2b3fbf0f75c73c40975a893fc42bf3d5c2a7cce9fb160704d9997", size = 23240576, upload_time = "2025-05-22T16:07:55.406Z" },
    { url = "https://files.pythonhosted.org/packages/ed/bb/2c39c2016b5be35372c5df08b44fa9a4778ccf03f9532b59e9d22f05921c/pymupdf-1.26.0-cp39-abi3-macosx_11_0_arm64.whl", hash = "sha256:26c5df128a0ed7c38b80a1e7ddd792dd4d8b264839b6b8b6b6b768b13c0bb60e", size = 22409814, upload_time = "2025-05-22T16:08:15.673Z" },
    { url = "https://files.pythonhosted.org/packages/90/e1/847d93fecbc975978cb2c6c38dbfbd09dde48c1bc97f9298f2b719880230/pymupdf-1.26.0-cp39-abi3-manylinux2014_aarch64.manylinux_2_17_aarch64.whl", hash = "sha256:84a4dc96144a6bdf13f7d78c21500b3d1bef14d658156afd479acb3995f650c3", size = 23447163, upload_time = "2025-05-22T22:30:38.708Z" },
    { url = "https://files.pythonhosted.org/packages/bb/86/959057f3cbbff4a7a00a8214f9f1787f6f708bd3c63091b47a95f1ae4053/pymupdf-1.26.0-cp39-abi3-manylinux2014_x86_64.manylinux_2_17_x86_64.whl", hash = "sha256:a3f6a45fcf8177763a2629a2ab2cad326e8950a0d120b174b56369365355a2a7", size = 24052460, upload_time = "2025-05-22T16:08:46.304Z" },
    { url = "https://files.pythonhosted.org/packages/e1/80/9cca07bf9c5dfa273781d3559266dcce2001ed111f068b80cad950584c01/pymupdf-1.26.0-cp39-abi3-musllinux_1_2_x86_64.whl", hash = "sha256:b5d4751696ba888ab1a91c6a0208c5d31724ee0bebe406f7a83067a08214f88b", size = 25300434, upload_time = "2025-05-22T16:09:13.839Z" },
    { url = "https://files.pythonhosted.org/packages/59/c7/2e3e3d9419415e3c479fd9cb23067d33cc17db89e64c9167551a4acb66f2/pymupdf-1.26.0-cp39-abi3-win32.whl", hash = "sha256:eeb04a439355e2077f7675b8ad9377263d81990fc507748f2254a87d771d682b", size = 16925774, upload_time = "2025-05-22T16:09:34.814Z" },
    { url = "https://files.pythonhosted.org/packages/e9/d7/a6ce6629b66921529543c899830104f40dde45d98534d945970ea61ca8c9/pymupdf-1.26.0-cp39-abi3-win_amd64.whl", hash = "sha256:e39cc74ff030d773c4e76b9e5c5919cc4683895b73bd63bfd7a349a53ab5e8d7", size = 18525321, upload_time = "2025-05-22T16:10:01.426Z" },
]

[[package]]
name = "pymupdf4llm"
version = "0.0.24"
source = { registry = "https://pypi.org/simple" }
dependencies = [
    { name = "pymupdf" },
]
sdist = { url = "https://files.pythonhosted.org/packages/6b/9f/9290cd8fe75aa0983562f7dd66ae017ecfd43ca968c6bc83f33a327ed07b/pymupdf4llm-0.0.24.tar.gz", hash = "sha256:56a9100f920ea5e02d2eee34f9aa2b6f7c8ed7dc9fa535fc9236a47e386632ab", size = 28315, upload_time = "2025-05-10T08:53:34.631Z" }
wheels = [
    { url = "https://files.pythonhosted.org/packages/43/40/c016dc5a44dc5c0482c01676ea931f797e5d605b24487c6be2083bc53858/pymupdf4llm-0.0.24-py3-none-any.whl", hash = "sha256:98cb424e28acfd1a371d6c9880c774510f1eb5bae5bd48dbea4e7ecb4eec04f3", size = 28998, upload_time = "2025-05-10T08:53:37.716Z" },
]

[[package]]
name = "web3-rag"
version = "0.1.0"
source = { virtual = "." }
dependencies = [
    { name = "pymupdf4llm" },
]

[package.metadata]
requires-dist = [{ name = "pymupdf4llm", specifier = ">=0.0.24" }]
